<Solution>
  <Project Path="Assembly-CSharp.csproj" />
  <Project Path="UmbraEvolution.Editor.csproj" />
  <Project Path="UmbraEvolution.csproj" />
  <Project Path="Assembly-CSharp-Editor.csproj" />
  <Project Path="UmbraEvolution.PerLayerCameraCulling.csproj" />
  <Project Path="UmbraEvolution.PerLayerCameraCulling.Editor.csproj" />
</Solution>
